
Microsoft Visual Studio Solution File, Format Version 12.00
# Visual Studio Version 17
VisualStudioVersion = 17.4.33205.214
MinimumVisualStudioVersion = 10.0.40219.1
Project("{FAE04EC0-301F-11D3-BF4B-00C04F79EFBC}") = "SalesWebMVC", "SalesWebMVC\SalesWebMVC.csproj", "{FF8BD360-B915-413F-98DA-01131C6ED5A7}"
EndProject
Global
	GlobalSection(SolutionConfigurationPlatforms) = preSolution
		Debug|Any CPU = Debug|Any CPU
		Release|Any CPU = Release|Any CPU
	EndGlobalSection
	GlobalSection(ProjectConfigurationPlatforms) = postSolution
		{FF8BD360-B915-413F-98DA-01131C6ED5A7}.Debug|Any CPU.ActiveCfg = Debug|Any CPU
		{FF8BD360-B915-413F-98DA-01131C6ED5A7}.Debug|Any CPU.Build.0 = Debug|Any CPU
		{FF8BD360-B915-413F-98DA-01131C6ED5A7}.Release|Any CPU.ActiveCfg = Release|Any CPU
		{FF8BD360-B915-413F-98DA-01131C6ED5A7}.Release|Any CPU.Build.0 = Release|Any CPU
	EndGlobalSection
	GlobalSection(SolutionProperties) = preSolution
		HideSolutionNode = FALSE
	EndGlobalSection
	GlobalSection(ExtensibilityGlobals) = postSolution
		SolutionGuid = {11E035DB-259A-4AD6-9B84-E5F46BE3A3F3}
	EndGlobalSection
EndGlobal
